// !$*UTF8*$!
{
	archiveVersion = 1;
	classes = {
	};
	objectVersion = 50;
	objects = {

/* Begin PBXBuildFile section */

		3274CCDD21ACBE5A004181BF /* AppDelegate.swift in Sources */ = {isa = PBXBuildFile; fileRef = 3274CCDC21ACBE5A004181BF /* AppDelegate.swift */; };
		3274CCE121ACBE5A004181BF /* CategoryVC.swift in Sources */ = {isa = PBXBuildFile; fileRef = 3274CCE021ACBE5A004181BF /* CategoryVC.swift */; };
		3274CCE421ACBE5A004181BF /* Main.storyboard in Resources */ = {isa = PBXBuildFile; fileRef = 3274CCE221ACBE5A004181BF /* Main.storyboard */; };
		3274CCE621ACBE5C004181BF /* Assets.xcassets in Resources */ = {isa = PBXBuildFile; fileRef = 3274CCE521ACBE5C004181BF /* Assets.xcassets */; };
		3274CCE921ACBE5C004181BF /* LaunchScreen.storyboard in Resources */ = {isa = PBXBuildFile; fileRef = 3274CCE721ACBE5C004181BF /* LaunchScreen.storyboard */; };
		32919CDE21B7898F006C1557 /* AppData.swift in Sources */ = {isa = PBXBuildFile; fileRef = 32919CDD21B7898F006C1557 /* AppData.swift */; };
		32919CE221B78D40006C1557 /* CustomTableViewCell.swift in Sources */ = {isa = PBXBuildFile; fileRef = 32919CE121B78D40006C1557 /* CustomTableViewCell.swift */; };
		32919CE821B7938F006C1557 /* SearchVC.swift in Sources */ = {isa = PBXBuildFile; fileRef = 32919CE721B7938F006C1557 /* SearchVC.swift */; };
		32EBADBE21BC8DEC00332645 /* Constants.swift in Sources */ = {isa = PBXBuildFile; fileRef = 32EBADBD21BC8DEC00332645 /* Constants.swift */; };
		32EBADCA21BC9C9100332645 /* CustomCollectionViewCell.swift in Sources */ = {isa = PBXBuildFile; fileRef = 32EBADC921BC9C9100332645 /* CustomCollectionViewCell.swift */; };
		32EBADCC21BC9F4700332645 /* FeedVC.swift in Sources */ = {isa = PBXBuildFile; fileRef = 32EBADCB21BC9F4700332645 /* FeedVC.swift */; };
		E179D0A376183B7320F231A7 /* Pods_Trendsy.framework in Frameworks */ = {isa = PBXBuildFile; fileRef = FF7C73C8A3AB4ECA2C375AA6 /* Pods_Trendsy.framework */; };
		F262CD0C21BCA30D002F60A6 /* Constants.swift in Sources */ = {isa = PBXBuildFile; fileRef = F262CD0B21BCA30D002F60A6 /* Constants.swift */; };
/* End PBXBuildFile section */

/* Begin PBXFileReference section */
		0C1A31344B7DFAE0CD879960 /* Pods-Trendsy.debug.xcconfig */ = {isa = PBXFileReference; includeInIndex = 1; lastKnownFileType = text.xcconfig; name = "Pods-Trendsy.debug.xcconfig"; path = "Pods/Target Support Files/Pods-Trendsy/Pods-Trendsy.debug.xcconfig"; sourceTree = "<group>"; };
		117C126021BC98E800ABA5CF /* ResultsVC.swift */ = {isa = PBXFileReference; lastKnownFileType = sourcecode.swift; path = ResultsVC.swift; sourceTree = "<group>"; };
		2AEF10E974F4B70852F571E8 /* Pods-Trendsy.release.xcconfig */ = {isa = PBXFileReference; includeInIndex = 1; lastKnownFileType = text.xcconfig; name = "Pods-Trendsy.release.xcconfig"; path = "Pods/Target Support Files/Pods-Trendsy/Pods-Trendsy.release.xcconfig"; sourceTree = "<group>"; };
		3274CCD921ACBE5A004181BF /* Trendsy.app */ = {isa = PBXFileReference; explicitFileType = wrapper.application; includeInIndex = 0; path = Trendsy.app; sourceTree = BUILT_PRODUCTS_DIR; };
		3274CCDC21ACBE5A004181BF /* AppDelegate.swift */ = {isa = PBXFileReference; lastKnownFileType = sourcecode.swift; path = AppDelegate.swift; sourceTree = "<group>"; };
		3274CCE021ACBE5A004181BF /* CategoryVC.swift */ = {isa = PBXFileReference; lastKnownFileType = sourcecode.swift; path = CategoryVC.swift; sourceTree = "<group>"; };
		3274CCE321ACBE5A004181BF /* Base */ = {isa = PBXFileReference; lastKnownFileType = file.storyboard; name = Base; path = Base.lproj/Main.storyboard; sourceTree = "<group>"; };
		3274CCE521ACBE5C004181BF /* Assets.xcassets */ = {isa = PBXFileReference; lastKnownFileType = folder.assetcatalog; path = Assets.xcassets; sourceTree = "<group>"; };
		3274CCE821ACBE5C004181BF /* Base */ = {isa = PBXFileReference; lastKnownFileType = file.storyboard; name = Base; path = Base.lproj/LaunchScreen.storyboard; sourceTree = "<group>"; };
		3274CCEA21ACBE5C004181BF /* Info.plist */ = {isa = PBXFileReference; lastKnownFileType = text.plist.xml; path = Info.plist; sourceTree = "<group>"; };
		32919CDD21B7898F006C1557 /* AppData.swift */ = {isa = PBXFileReference; lastKnownFileType = sourcecode.swift; path = AppData.swift; sourceTree = "<group>"; };
		32919CE121B78D40006C1557 /* CustomTableViewCell.swift */ = {isa = PBXFileReference; lastKnownFileType = sourcecode.swift; path = CustomTableViewCell.swift; sourceTree = "<group>"; };
		32919CE721B7938F006C1557 /* SearchVC.swift */ = {isa = PBXFileReference; lastKnownFileType = sourcecode.swift; path = SearchVC.swift; sourceTree = "<group>"; };

		FF7C73C8A3AB4ECA2C375AA6 /* Pods_Trendsy.framework */ = {isa = PBXFileReference; explicitFileType = wrapper.framework; includeInIndex = 0; path = Pods_Trendsy.framework; sourceTree = BUILT_PRODUCTS_DIR; };
/* End PBXFileReference section */

/* Begin PBXFrameworksBuildPhase section */
		3274CCD621ACBE5A004181BF /* Frameworks */ = {
			isa = PBXFrameworksBuildPhase;
			buildActionMask = 2147483647;
			files = (
				E179D0A376183B7320F231A7 /* Pods_Trendsy.framework in Frameworks */,
			);
			runOnlyForDeploymentPostprocessing = 0;
		};
/* End PBXFrameworksBuildPhase section */

/* Begin PBXGroup section */
		09EE67FDA21767F6FC3118F3 /* Pods */ = {
			isa = PBXGroup;
			children = (
				0C1A31344B7DFAE0CD879960 /* Pods-Trendsy.debug.xcconfig */,
				2AEF10E974F4B70852F571E8 /* Pods-Trendsy.release.xcconfig */,
			);
			name = Pods;
			sourceTree = "<group>";
		};
		3274CCD021ACBE5A004181BF = {
			isa = PBXGroup;
			children = (
				3274CCDB21ACBE5A004181BF /* Trendsy */,
				3274CCDA21ACBE5A004181BF /* Products */,
				09EE67FDA21767F6FC3118F3 /* Pods */,
				8E6A237C20BF3300FC14E1D1 /* Frameworks */,
			);
			sourceTree = "<group>";
		};
		3274CCDA21ACBE5A004181BF /* Products */ = {
			isa = PBXGroup;
			children = (
				3274CCD921ACBE5A004181BF /* Trendsy.app */,
			);
			name = Products;
			sourceTree = "<group>";
		};
		3274CCDB21ACBE5A004181BF /* Trendsy */ = {
			isa = PBXGroup;
			children = (
				3274CCDC21ACBE5A004181BF /* AppDelegate.swift */,
				3274CCE021ACBE5A004181BF /* CategoryVC.swift */,
				32919CE121B78D40006C1557 /* CustomTableViewCell.swift */,
				32EBADC921BC9C9100332645 /* CustomCollectionViewCell.swift */,
				32EBADCB21BC9F4700332645 /* FeedVC.swift */,
				3274CCE221ACBE5A004181BF /* Main.storyboard */,
				32919CDD21B7898F006C1557 /* AppData.swift */,
				3274CCE521ACBE5C004181BF /* Assets.xcassets */,
				3274CCE721ACBE5C004181BF /* LaunchScreen.storyboard */,
				3274CCEA21ACBE5C004181BF /* Info.plist */,
				32919CE721B7938F006C1557 /* SearchVC.swift */,

			);
			path = Trendsy;
			sourceTree = "<group>";
		};
		8E6A237C20BF3300FC14E1D1 /* Frameworks */ = {
			isa = PBXGroup;
			children = (
				FF7C73C8A3AB4ECA2C375AA6 /* Pods_Trendsy.framework */,
			);
			name = Frameworks;
			sourceTree = "<group>";
		};
/* End PBXGroup section */

/* Begin PBXNativeTarget section */
		3274CCD821ACBE5A004181BF /* Trendsy */ = {
			isa = PBXNativeTarget;
			buildConfigurationList = 3274CCED21ACBE5C004181BF /* Build configuration list for PBXNativeTarget "Trendsy" */;
			buildPhases = (
				D032681FB45011D26042A5A0 /* [CP] Check Pods Manifest.lock */,
				3274CCD521ACBE5A004181BF /* Sources */,
				3274CCD621ACBE5A004181BF /* Frameworks */,
				3274CCD721ACBE5A004181BF /* Resources */,
				73AE2E6751D4F026FE92717E /* [CP] Embed Pods Frameworks */,
			);
			buildRules = (
			);
			dependencies = (
			);
			name = Trendsy;
			productName = Trendsy;
			productReference = 3274CCD921ACBE5A004181BF /* Trendsy.app */;
			productType = "com.apple.product-type.application";
		};
/* End PBXNativeTarget section */

/* Begin PBXProject section */
		3274CCD121ACBE5A004181BF /* Project object */ = {
			isa = PBXProject;
			attributes = {
				LastSwiftUpdateCheck = 1000;
				LastUpgradeCheck = 1000;
				ORGANIZATIONNAME = "Michelle Ho";
				TargetAttributes = {
					3274CCD821ACBE5A004181BF = {
						CreatedOnToolsVersion = 10.0;
					};
				};
			};
			buildConfigurationList = 3274CCD421ACBE5A004181BF /* Build configuration list for PBXProject "Trendsy" */;
			compatibilityVersion = "Xcode 9.3";
			developmentRegion = en;
			hasScannedForEncodings = 0;
			knownRegions = (
				en,
				Base,
			);
			mainGroup = 3274CCD021ACBE5A004181BF;
			productRefGroup = 3274CCDA21ACBE5A004181BF /* Products */;
			projectDirPath = "";
			projectRoot = "";
			targets = (
				3274CCD821ACBE5A004181BF /* Trendsy */,
			);
		};
/* End PBXProject section */

/* Begin PBXResourcesBuildPhase section */
		3274CCD721ACBE5A004181BF /* Resources */ = {
			isa = PBXResourcesBuildPhase;
			buildActionMask = 2147483647;
			files = (
				3274CCE921ACBE5C004181BF /* LaunchScreen.storyboard in Resources */,
				3274CCE621ACBE5C004181BF /* Assets.xcassets in Resources */,
				3274CCE421ACBE5A004181BF /* Main.storyboard in Resources */,
			);
			runOnlyForDeploymentPostprocessing = 0;
		};
/* End PBXResourcesBuildPhase section */

/* Begin PBXShellScriptBuildPhase section */
		73AE2E6751D4F026FE92717E /* [CP] Embed Pods Frameworks */ = {
			isa = PBXShellScriptBuildPhase;
			buildActionMask = 2147483647;
			files = (
			);
			inputFileListPaths = (
			);
			inputPaths = (
				"${SRCROOT}/Pods/Target Support Files/Pods-Trendsy/Pods-Trendsy-frameworks.sh",
				"${BUILT_PRODUCTS_DIR}/OhhAuth/OhhAuth.framework",
			);
			name = "[CP] Embed Pods Frameworks";
			outputFileListPaths = (
			);
			outputPaths = (
				"${TARGET_BUILD_DIR}/${FRAMEWORKS_FOLDER_PATH}/OhhAuth.framework",
			);
			runOnlyForDeploymentPostprocessing = 0;
			shellPath = /bin/sh;
			shellScript = "\"${SRCROOT}/Pods/Target Support Files/Pods-Trendsy/Pods-Trendsy-frameworks.sh\"\n";
			showEnvVarsInLog = 0;
		};
		D032681FB45011D26042A5A0 /* [CP] Check Pods Manifest.lock */ = {
			isa = PBXShellScriptBuildPhase;
			buildActionMask = 2147483647;
			files = (
			);
			inputFileListPaths = (
			);
			inputPaths = (
				"${PODS_PODFILE_DIR_PATH}/Podfile.lock",
				"${PODS_ROOT}/Manifest.lock",
			);
			name = "[CP] Check Pods Manifest.lock";
			outputFileListPaths = (
			);
			outputPaths = (
				"$(DERIVED_FILE_DIR)/Pods-Trendsy-checkManifestLockResult.txt",
			);
			runOnlyForDeploymentPostprocessing = 0;
			shellPath = /bin/sh;
			shellScript = "diff \"${PODS_PODFILE_DIR_PATH}/Podfile.lock\" \"${PODS_ROOT}/Manifest.lock\" > /dev/null\nif [ $? != 0 ] ; then\n    # print error to STDERR\n    echo \"error: The sandbox is not in sync with the Podfile.lock. Run 'pod install' or update your CocoaPods installation.\" >&2\n    exit 1\nfi\n# This output is used by Xcode 'outputs' to avoid re-running this script phase.\necho \"SUCCESS\" > \"${SCRIPT_OUTPUT_FILE_0}\"\n";
			showEnvVarsInLog = 0;
		};
/* End PBXShellScriptBuildPhase section */

/* Begin PBXSourcesBuildPhase section */
		3274CCD521ACBE5A004181BF /* Sources */ = {
			isa = PBXSourcesBuildPhase;
			buildActionMask = 2147483647;
			files = (
				32EBADCC21BC9F4700332645 /* FeedVC.swift in Sources */,
				32919CE821B7938F006C1557 /* SearchVC.swift in Sources */,
				3274CCE121ACBE5A004181BF /* CategoryVC.swift in Sources */,
				32EBADCA21BC9C9100332645 /* CustomCollectionViewCell.swift in Sources */,
				32919CE221B78D40006C1557 /* CustomTableViewCell.swift in Sources */,
				3274CCDD21ACBE5A004181BF /* AppDelegate.swift in Sources */,

				32919CDE21B7898F006C1557 /* AppData.swift in Sources */,
			);
			runOnlyForDeploymentPostprocessing = 0;
		};
/* End PBXSourcesBuildPhase section */

/* Begin PBXVariantGroup section */
		3274CCE221ACBE5A004181BF /* Main.storyboard */ = {
			isa = PBXVariantGroup;
			children = (
				3274CCE321ACBE5A004181BF /* Base */,
			);
			name = Main.storyboard;
			sourceTree = "<group>";
		};
		3274CCE721ACBE5C004181BF /* LaunchScreen.storyboard */ = {
			isa = PBXVariantGroup;
			children = (
				3274CCE821ACBE5C004181BF /* Base */,
			);
			name = LaunchScreen.storyboard;
			sourceTree = "<group>";
		};
/* End PBXVariantGroup section */

/* Begin XCBuildConfiguration section */
		3274CCEB21ACBE5C004181BF /* Debug */ = {
			isa = XCBuildConfiguration;
			buildSettings = {
				ALWAYS_SEARCH_USER_PATHS = NO;
				CLANG_ANALYZER_NONNULL = YES;
				CLANG_ANALYZER_NUMBER_OBJECT_CONVERSION = YES_AGGRESSIVE;
				CLANG_CXX_LANGUAGE_STANDARD = "gnu++14";
				CLANG_CXX_LIBRARY = "libc++";
				CLANG_ENABLE_MODULES = YES;
				CLANG_ENABLE_OBJC_ARC = YES;
				CLANG_ENABLE_OBJC_WEAK = YES;
				CLANG_WARN_BLOCK_CAPTURE_AUTORELEASING = YES;
				CLANG_WARN_BOOL_CONVERSION = YES;
				CLANG_WARN_COMMA = YES;
				CLANG_WARN_CONSTANT_CONVERSION = YES;
				CLANG_WARN_DEPRECATED_OBJC_IMPLEMENTATIONS = YES;
				CLANG_WARN_DIRECT_OBJC_ISA_USAGE = YES_ERROR;
				CLANG_WARN_DOCUMENTATION_COMMENTS = YES;
				CLANG_WARN_EMPTY_BODY = YES;
				CLANG_WARN_ENUM_CONVERSION = YES;
				CLANG_WARN_INFINITE_RECURSION = YES;
				CLANG_WARN_INT_CONVERSION = YES;
				CLANG_WARN_NON_LITERAL_NULL_CONVERSION = YES;
				CLANG_WARN_OBJC_IMPLICIT_RETAIN_SELF = YES;
				CLANG_WARN_OBJC_LITERAL_CONVERSION = YES;
				CLANG_WARN_OBJC_ROOT_CLASS = YES_ERROR;
				CLANG_WARN_RANGE_LOOP_ANALYSIS = YES;
				CLANG_WARN_STRICT_PROTOTYPES = YES;
				CLANG_WARN_SUSPICIOUS_MOVE = YES;
				CLANG_WARN_UNGUARDED_AVAILABILITY = YES_AGGRESSIVE;
				CLANG_WARN_UNREACHABLE_CODE = YES;
				CLANG_WARN__DUPLICATE_METHOD_MATCH = YES;
				CODE_SIGN_IDENTITY = "iPhone Developer";
				COPY_PHASE_STRIP = NO;
				DEBUG_INFORMATION_FORMAT = dwarf;
				ENABLE_STRICT_OBJC_MSGSEND = YES;
				ENABLE_TESTABILITY = YES;
				GCC_C_LANGUAGE_STANDARD = gnu11;
				GCC_DYNAMIC_NO_PIC = NO;
				GCC_NO_COMMON_BLOCKS = YES;
				GCC_OPTIMIZATION_LEVEL = 0;
				GCC_PREPROCESSOR_DEFINITIONS = (
					"DEBUG=1",
					"$(inherited)",
				);
				GCC_WARN_64_TO_32_BIT_CONVERSION = YES;
				GCC_WARN_ABOUT_RETURN_TYPE = YES_ERROR;
				GCC_WARN_UNDECLARED_SELECTOR = YES;
				GCC_WARN_UNINITIALIZED_AUTOS = YES_AGGRESSIVE;
				GCC_WARN_UNUSED_FUNCTION = YES;
				GCC_WARN_UNUSED_VARIABLE = YES;
				IPHONEOS_DEPLOYMENT_TARGET = 12.0;
				MTL_ENABLE_DEBUG_INFO = INCLUDE_SOURCE;
				MTL_FAST_MATH = YES;
				ONLY_ACTIVE_ARCH = YES;
				SDKROOT = iphoneos;
				SWIFT_ACTIVE_COMPILATION_CONDITIONS = DEBUG;
				SWIFT_OPTIMIZATION_LEVEL = "-Onone";
			};
			name = Debug;
		};
		3274CCEC21ACBE5C004181BF /* Release */ = {
			isa = XCBuildConfiguration;
			buildSettings = {
				ALWAYS_SEARCH_USER_PATHS = NO;
				CLANG_ANALYZER_NONNULL = YES;
				CLANG_ANALYZER_NUMBER_OBJECT_CONVERSION = YES_AGGRESSIVE;
				CLANG_CXX_LANGUAGE_STANDARD = "gnu++14";
				CLANG_CXX_LIBRARY = "libc++";
				CLANG_ENABLE_MODULES = YES;
				CLANG_ENABLE_OBJC_ARC = YES;
				CLANG_ENABLE_OBJC_WEAK = YES;
				CLANG_WARN_BLOCK_CAPTURE_AUTORELEASING = YES;
				CLANG_WARN_BOOL_CONVERSION = YES;
				CLANG_WARN_COMMA = YES;
				CLANG_WARN_CONSTANT_CONVERSION = YES;
				CLANG_WARN_DEPRECATED_OBJC_IMPLEMENTATIONS = YES;
				CLANG_WARN_DIRECT_OBJC_ISA_USAGE = YES_ERROR;
				CLANG_WARN_DOCUMENTATION_COMMENTS = YES;
				CLANG_WARN_EMPTY_BODY = YES;
				CLANG_WARN_ENUM_CONVERSION = YES;
				CLANG_WARN_INFINITE_RECURSION = YES;
				CLANG_WARN_INT_CONVERSION = YES;
				CLANG_WARN_NON_LITERAL_NULL_CONVERSION = YES;
				CLANG_WARN_OBJC_IMPLICIT_RETAIN_SELF = YES;
				CLANG_WARN_OBJC_LITERAL_CONVERSION = YES;
				CLANG_WARN_OBJC_ROOT_CLASS = YES_ERROR;
				CLANG_WARN_RANGE_LOOP_ANALYSIS = YES;
				CLANG_WARN_STRICT_PROTOTYPES = YES;
				CLANG_WARN_SUSPICIOUS_MOVE = YES;
				CLANG_WARN_UNGUARDED_AVAILABILITY = YES_AGGRESSIVE;
				CLANG_WARN_UNREACHABLE_CODE = YES;
				CLANG_WARN__DUPLICATE_METHOD_MATCH = YES;
				CODE_SIGN_IDENTITY = "iPhone Developer";
				COPY_PHASE_STRIP = NO;
				DEBUG_INFORMATION_FORMAT = "dwarf-with-dsym";
				ENABLE_NS_ASSERTIONS = NO;
				ENABLE_STRICT_OBJC_MSGSEND = YES;
				GCC_C_LANGUAGE_STANDARD = gnu11;
				GCC_NO_COMMON_BLOCKS = YES;
				GCC_WARN_64_TO_32_BIT_CONVERSION = YES;
				GCC_WARN_ABOUT_RETURN_TYPE = YES_ERROR;
				GCC_WARN_UNDECLARED_SELECTOR = YES;
				GCC_WARN_UNINITIALIZED_AUTOS = YES_AGGRESSIVE;
				GCC_WARN_UNUSED_FUNCTION = YES;
				GCC_WARN_UNUSED_VARIABLE = YES;
				IPHONEOS_DEPLOYMENT_TARGET = 12.0;
				MTL_ENABLE_DEBUG_INFO = NO;
				MTL_FAST_MATH = YES;
				SDKROOT = iphoneos;
				SWIFT_COMPILATION_MODE = wholemodule;
				SWIFT_OPTIMIZATION_LEVEL = "-O";
				VALIDATE_PRODUCT = YES;
			};
			name = Release;
		};
		3274CCEE21ACBE5C004181BF /* Debug */ = {
			isa = XCBuildConfiguration;
			baseConfigurationReference = 0C1A31344B7DFAE0CD879960 /* Pods-Trendsy.debug.xcconfig */;
			buildSettings = {
				ASSETCATALOG_COMPILER_APPICON_NAME = AppIcon;
				CODE_SIGN_STYLE = Automatic;
				DEVELOPMENT_TEAM = 4LCVCMUP5V;
				INFOPLIST_FILE = Trendsy/Info.plist;
				LD_RUNPATH_SEARCH_PATHS = (
					"$(inherited)",
					"@executable_path/Frameworks",
				);
				PRODUCT_BUNDLE_IDENTIFIER = com.appbuilder.Trendsy;
				PRODUCT_NAME = "$(TARGET_NAME)";
				SWIFT_VERSION = 4.2;
				TARGETED_DEVICE_FAMILY = "1,2";
			};
			name = Debug;
		};
		3274CCEF21ACBE5C004181BF /* Release */ = {
			isa = XCBuildConfiguration;
			baseConfigurationReference = 2AEF10E974F4B70852F571E8 /* Pods-Trendsy.release.xcconfig */;
			buildSettings = {
				ASSETCATALOG_COMPILER_APPICON_NAME = AppIcon;
				CODE_SIGN_STYLE = Automatic;
				DEVELOPMENT_TEAM = 4LCVCMUP5V;
				INFOPLIST_FILE = Trendsy/Info.plist;
				LD_RUNPATH_SEARCH_PATHS = (
					"$(inherited)",
					"@executable_path/Frameworks",
				);
				PRODUCT_BUNDLE_IDENTIFIER = com.appbuilder.Trendsy;
				PRODUCT_NAME = "$(TARGET_NAME)";
				SWIFT_VERSION = 4.2;
				TARGETED_DEVICE_FAMILY = "1,2";
			};
			name = Release;
		};
/* End XCBuildConfiguration section */

/* Begin XCConfigurationList section */
		3274CCD421ACBE5A004181BF /* Build configuration list for PBXProject "Trendsy" */ = {
			isa = XCConfigurationList;
			buildConfigurations = (
				3274CCEB21ACBE5C004181BF /* Debug */,
				3274CCEC21ACBE5C004181BF /* Release */,
			);
			defaultConfigurationIsVisible = 0;
			defaultConfigurationName = Release;
		};
		3274CCED21ACBE5C004181BF /* Build configuration list for PBXNativeTarget "Trendsy" */ = {
			isa = XCConfigurationList;
			buildConfigurations = (
				3274CCEE21ACBE5C004181BF /* Debug */,
				3274CCEF21ACBE5C004181BF /* Release */,
			);
			defaultConfigurationIsVisible = 0;
			defaultConfigurationName = Release;
		};
/* End XCConfigurationList section */
	};
	rootObject = 3274CCD121ACBE5A004181BF /* Project object */;
}
